
Microsoft Visual Studio Solution File, Format Version 12.00
# Visual Studio Version 17
VisualStudioVersion = 17.12.35707.178
MinimumVisualStudioVersion = 10.0.40219.1
Project("{FAE04EC0-301F-11D3-BF4B-00C04F79EFBC}") = "Lesons", "Lesons\Lesons.csproj", "{B632BCBC-BB4F-41C8-A60E-1F51EE96974D}"
EndProject
Project("{FAE04EC0-301F-11D3-BF4B-00C04F79EFBC}") = "Convert", "Convert\Convert.csproj", "{CBBA9234-211B-4DE5-851B-E7E87A513AD9}"
EndProject
Project("{FAE04EC0-301F-11D3-BF4B-00C04F79EFBC}") = "IfProj", "IfProj\IfProj.csproj", "{99CED2CB-CA2F-41EF-A96B-A7344F27B8D0}"
EndProject
Project("{FAE04EC0-301F-11D3-BF4B-00C04F79EFBC}") = "Switch", "Switch\Switch.csproj", "{46B0D507-81FA-4270-8873-D9F60D3C1E01}"
EndProject
Project("{FAE04EC0-301F-11D3-BF4B-00C04F79EFBC}") = "Calc", "Calc\Calc.csproj", "{DE6C20D1-6A03-40C3-8A60-1A593EAC3BDC}"
EndProject
Project("{FAE04EC0-301F-11D3-BF4B-00C04F79EFBC}") = "While", "While\While.csproj", "{B7D4E0DA-3132-41BA-A53F-D76C76907CD3}"
EndProject
Project("{FAE04EC0-301F-11D3-BF4B-00C04F79EFBC}") = "For", "For\For.csproj", "{578268E5-B7B0-4591-9A99-A1B438E69C23}"
EndProject
Project("{FAE04EC0-301F-11D3-BF4B-00C04F79EFBC}") = "Arrays", "Arrays\Arrays.csproj", "{A0B7C854-069C-4694-AC4E-18D4DDC9DA33}"
EndProject
Project("{FAE04EC0-301F-11D3-BF4B-00C04F79EFBC}") = "TwoLevelArrays_and_ranges", "TwoLevelArrays_and_ranges\TwoLevelArrays_and_ranges.csproj", "{CB982AD2-054B-494F-A224-CAA986CD296E}"
EndProject
Project("{FAE04EC0-301F-11D3-BF4B-00C04F79EFBC}") = "BigLevelArrays", "BigLevelArrays\BigLevelArrays.csproj", "{DC8A59A1-B453-41D8-8AC3-87A55693FA7D}"
EndProject
Project("{FAE04EC0-301F-11D3-BF4B-00C04F79EFBC}") = "ArraysRazmernost", "ArraysRazmernost\ArraysRazmernost.csproj", "{8670D163-CCAB-4725-959D-59E374AE7099}"
EndProject
Project("{FAE04EC0-301F-11D3-BF4B-00C04F79EFBC}") = "DZ_58", "DZ_58\DZ_58.csproj", "{65D81B12-4453-49B9-B7BB-15DE1C6775E4}"
EndProject
Project("{FAE04EC0-301F-11D3-BF4B-00C04F79EFBC}") = "DZ_60", "DZ_60\DZ_60.csproj", "{4BD3863F-1E45-41C6-B243-F2AC0E622537}"
EndProject
Global
	GlobalSection(SolutionConfigurationPlatforms) = preSolution
		Debug|Any CPU = Debug|Any CPU
		Release|Any CPU = Release|Any CPU
	EndGlobalSection
	GlobalSection(ProjectConfigurationPlatforms) = postSolution
		{B632BCBC-BB4F-41C8-A60E-1F51EE96974D}.Debug|Any CPU.ActiveCfg = Debug|Any CPU
		{B632BCBC-BB4F-41C8-A60E-1F51EE96974D}.Debug|Any CPU.Build.0 = Debug|Any CPU
		{B632BCBC-BB4F-41C8-A60E-1F51EE96974D}.Release|Any CPU.ActiveCfg = Release|Any CPU
		{B632BCBC-BB4F-41C8-A60E-1F51EE96974D}.Release|Any CPU.Build.0 = Release|Any CPU
		{CBBA9234-211B-4DE5-851B-E7E87A513AD9}.Debug|Any CPU.ActiveCfg = Debug|Any CPU
		{CBBA9234-211B-4DE5-851B-E7E87A513AD9}.Debug|Any CPU.Build.0 = Debug|Any CPU
		{CBBA9234-211B-4DE5-851B-E7E87A513AD9}.Release|Any CPU.ActiveCfg = Release|Any CPU
		{CBBA9234-211B-4DE5-851B-E7E87A513AD9}.Release|Any CPU.Build.0 = Release|Any CPU
		{99CED2CB-CA2F-41EF-A96B-A7344F27B8D0}.Debug|Any CPU.ActiveCfg = Debug|Any CPU
		{99CED2CB-CA2F-41EF-A96B-A7344F27B8D0}.Debug|Any CPU.Build.0 = Debug|Any CPU
		{99CED2CB-CA2F-41EF-A96B-A7344F27B8D0}.Release|Any CPU.ActiveCfg = Release|Any CPU
		{99CED2CB-CA2F-41EF-A96B-A7344F27B8D0}.Release|Any CPU.Build.0 = Release|Any CPU
		{46B0D507-81FA-4270-8873-D9F60D3C1E01}.Debug|Any CPU.ActiveCfg = Debug|Any CPU
		{46B0D507-81FA-4270-8873-D9F60D3C1E01}.Debug|Any CPU.Build.0 = Debug|Any CPU
		{46B0D507-81FA-4270-8873-D9F60D3C1E01}.Release|Any CPU.ActiveCfg = Release|Any CPU
		{46B0D507-81FA-4270-8873-D9F60D3C1E01}.Release|Any CPU.Build.0 = Release|Any CPU
		{DE6C20D1-6A03-40C3-8A60-1A593EAC3BDC}.Debug|Any CPU.ActiveCfg = Debug|Any CPU
		{DE6C20D1-6A03-40C3-8A60-1A593EAC3BDC}.Debug|Any CPU.Build.0 = Debug|Any CPU
		{DE6C20D1-6A03-40C3-8A60-1A593EAC3BDC}.Release|Any CPU.ActiveCfg = Release|Any CPU
		{DE6C20D1-6A03-40C3-8A60-1A593EAC3BDC}.Release|Any CPU.Build.0 = Release|Any CPU
		{B7D4E0DA-3132-41BA-A53F-D76C76907CD3}.Debug|Any CPU.ActiveCfg = Debug|Any CPU
		{B7D4E0DA-3132-41BA-A53F-D76C76907CD3}.Debug|Any CPU.Build.0 = Debug|Any CPU
		{B7D4E0DA-3132-41BA-A53F-D76C76907CD3}.Release|Any CPU.ActiveCfg = Release|Any CPU
		{B7D4E0DA-3132-41BA-A53F-D76C76907CD3}.Release|Any CPU.Build.0 = Release|Any CPU
		{578268E5-B7B0-4591-9A99-A1B438E69C23}.Debug|Any CPU.ActiveCfg = Debug|Any CPU
		{578268E5-B7B0-4591-9A99-A1B438E69C23}.Debug|Any CPU.Build.0 = Debug|Any CPU
		{578268E5-B7B0-4591-9A99-A1B438E69C23}.Release|Any CPU.ActiveCfg = Release|Any CPU
		{578268E5-B7B0-4591-9A99-A1B438E69C23}.Release|Any CPU.Build.0 = Release|Any CPU
		{A0B7C854-069C-4694-AC4E-18D4DDC9DA33}.Debug|Any CPU.ActiveCfg = Debug|Any CPU
		{A0B7C854-069C-4694-AC4E-18D4DDC9DA33}.Debug|Any CPU.Build.0 = Debug|Any CPU
		{A0B7C854-069C-4694-AC4E-18D4DDC9DA33}.Release|Any CPU.ActiveCfg = Release|Any CPU
		{A0B7C854-069C-4694-AC4E-18D4DDC9DA33}.Release|Any CPU.Build.0 = Release|Any CPU
		{CB982AD2-054B-494F-A224-CAA986CD296E}.Debug|Any CPU.ActiveCfg = Debug|Any CPU
		{CB982AD2-054B-494F-A224-CAA986CD296E}.Debug|Any CPU.Build.0 = Debug|Any CPU
		{CB982AD2-054B-494F-A224-CAA986CD296E}.Release|Any CPU.ActiveCfg = Release|Any CPU
		{CB982AD2-054B-494F-A224-CAA986CD296E}.Release|Any CPU.Build.0 = Release|Any CPU
		{DC8A59A1-B453-41D8-8AC3-87A55693FA7D}.Debug|Any CPU.ActiveCfg = Debug|Any CPU
		{DC8A59A1-B453-41D8-8AC3-87A55693FA7D}.Debug|Any CPU.Build.0 = Debug|Any CPU
		{DC8A59A1-B453-41D8-8AC3-87A55693FA7D}.Release|Any CPU.ActiveCfg = Release|Any CPU
		{DC8A59A1-B453-41D8-8AC3-87A55693FA7D}.Release|Any CPU.Build.0 = Release|Any CPU
		{8670D163-CCAB-4725-959D-59E374AE7099}.Debug|Any CPU.ActiveCfg = Debug|Any CPU
		{8670D163-CCAB-4725-959D-59E374AE7099}.Debug|Any CPU.Build.0 = Debug|Any CPU
		{8670D163-CCAB-4725-959D-59E374AE7099}.Release|Any CPU.ActiveCfg = Release|Any CPU
		{8670D163-CCAB-4725-959D-59E374AE7099}.Release|Any CPU.Build.0 = Release|Any CPU
		{65D81B12-4453-49B9-B7BB-15DE1C6775E4}.Debug|Any CPU.ActiveCfg = Debug|Any CPU
		{65D81B12-4453-49B9-B7BB-15DE1C6775E4}.Debug|Any CPU.Build.0 = Debug|Any CPU
		{65D81B12-4453-49B9-B7BB-15DE1C6775E4}.Release|Any CPU.ActiveCfg = Release|Any CPU
		{65D81B12-4453-49B9-B7BB-15DE1C6775E4}.Release|Any CPU.Build.0 = Release|Any CPU
		{4BD3863F-1E45-41C6-B243-F2AC0E622537}.Debug|Any CPU.ActiveCfg = Debug|Any CPU
		{4BD3863F-1E45-41C6-B243-F2AC0E622537}.Debug|Any CPU.Build.0 = Debug|Any CPU
		{4BD3863F-1E45-41C6-B243-F2AC0E622537}.Release|Any CPU.ActiveCfg = Release|Any CPU
		{4BD3863F-1E45-41C6-B243-F2AC0E622537}.Release|Any CPU.Build.0 = Release|Any CPU
	EndGlobalSection
	GlobalSection(SolutionProperties) = preSolution
		HideSolutionNode = FALSE
	EndGlobalSection
EndGlobal
